
Microsoft Visual Studio Solution File, Format Version 12.00
# Visual Studio Version 17
VisualStudioVersion = 17.1.32328.378
MinimumVisualStudioVersion = 10.0.40219.1
Project("{FAE04EC0-301F-11D3-BF4B-00C04F79EFBC}") = "Repositories", "Repositories\Repositories.csproj", "{27D1212F-B67A-4983-BA80-C29A61111FA2}"
EndProject
Global
	GlobalSection(SolutionConfigurationPlatforms) = preSolution
		Debug|Any CPU = Debug|Any CPU
		Release|Any CPU = Release|Any CPU
	EndGlobalSection
	GlobalSection(ProjectConfigurationPlatforms) = postSolution
		{27D1212F-B67A-4983-BA80-C29A61111FA2}.Debug|Any CPU.ActiveCfg = Debug|Any CPU
		{27D1212F-B67A-4983-BA80-C29A61111FA2}.Debug|Any CPU.Build.0 = Debug|Any CPU
		{27D1212F-B67A-4983-BA80-C29A61111FA2}.Release|Any CPU.ActiveCfg = Release|Any CPU
		{27D1212F-B67A-4983-BA80-C29A61111FA2}.Release|Any CPU.Build.0 = Release|Any CPU
	EndGlobalSection
	GlobalSection(SolutionProperties) = preSolution
		HideSolutionNode = FALSE
	EndGlobalSection
	GlobalSection(ExtensibilityGlobals) = postSolution
		SolutionGuid = {CDB59FA0-423C-4957-B912-CBC0F82F06D0}
	EndGlobalSection
EndGlobal
